PODS:
  - AudioStreaming (0.6.0)
  - Flutter (1.0.0)
  - mix_player (0.0.1):
    - AudioStreaming
    - Flutter
    - SwiftTryCatch
  - path_provider_ios (0.0.1):
    - Flutter
  - SwiftTryCatch (0.0.1)

DEPENDENCIES:
  - Flutter (from `Flutter`)
  - mix_player (from `.symlinks/plugins/mix_player/ios`)
  - path_provider_ios (from `.symlinks/plugins/path_provider_ios/ios`)

SPEC REPOS:
  trunk:
    - AudioStreaming
    - SwiftTryCatch

EXTERNAL SOURCES:
  Flutter:
    :path: Flutter
  mix_player:
    :path: ".symlinks/plugins/mix_player/ios"
  path_provider_ios:
    :path: ".symlinks/plugins/path_provider_ios/ios"

SPEC CHECKSUMS:
  AudioStreaming: f3605c8459d56fea615ac8b97084c07137247878
  Flutter: 50d75fe2f02b26cc09d224853bb45737f8b3214a
  mix_player: ed5f5d3696ad189e9d7de1d71c9cc062775c2764
  path_provider_ios: 7d7ce634493af4477d156294792024ec3485acd5
  SwiftTryCatch: fb6d2b34abe48efd69578dac919293a44f95b481

PODFILE CHECKSUM: aafe91acc616949ddb318b77800a7f51bffa2a4c

COCOAPODS: 1.11.2
